<?xml version="1.0" encoding="utf-8"?>
<Project ToolsVersion="4.0" xmlns="http://schemas.microsoft.com/developer/msbuild/2003">
  <ItemGroup>
    <Filter Include="Torkel">
      <UniqueIdentifier>{5651E9D3-42F3-13AA-2BAE-27FE17EF9AFA}</UniqueIdentifier>
    </Filter>
  </ItemGroup>
  <ItemGroup>
    <ClInclude Include="src\Torkel.h" />
    <ClInclude Include="src\Torkel\Application.h">
      <Filter>Torkel</Filter>
    </ClInclude>
    <ClInclude Include="src\Torkel\Core.h">
      <Filter>Torkel</Filter>
    </ClInclude>
    <ClInclude Include="src\Torkel\EntryPoint.h">
      <Filter>Torkel</Filter>
    </ClInclude>
    <ClInclude Include="src\Torkel\Log.h">
      <Filter>Torkel</Filter>
    </ClInclude>
  </ItemGroup>
  <ItemGroup>
    <ClCompile Include="src\Torkel\Application.cpp">
      <Filter>Torkel</Filter>
    </ClCompile>
    <ClCompile Include="src\Torkel\Log.cpp">
      <Filter>Torkel</Filter>
    </ClCompile>
  </ItemGroup>
</Project>